
Microsoft Visual Studio Solution File, Format Version 12.00
Project("{FAE04EC0-301F-11D3-BF4B-00C04F79EFBC}") = "EmployeeAdminPortal", "EmployeeAdminPortal\EmployeeAdminPortal.csproj", "{EAF8C353-06C8-4B27-854F-288D62443BEF}"
EndProject
Global
	GlobalSection(SolutionConfigurationPlatforms) = preSolution
		Debug|Any CPU = Debug|Any CPU
		Release|Any CPU = Release|Any CPU
	EndGlobalSection
	GlobalSection(ProjectConfigurationPlatforms) = postSolution
		{EAF8C353-06C8-4B27-854F-288D62443BEF}.Debug|Any CPU.ActiveCfg = Debug|Any CPU
		{EAF8C353-06C8-4B27-854F-288D62443BEF}.Debug|Any CPU.Build.0 = Debug|Any CPU
		{EAF8C353-06C8-4B27-854F-288D62443BEF}.Release|Any CPU.ActiveCfg = Release|Any CPU
		{EAF8C353-06C8-4B27-854F-288D62443BEF}.Release|Any CPU.Build.0 = Release|Any CPU
	EndGlobalSection
EndGlobal
